
Microsoft Visual Studio Solution File, Format Version 12.00
# Visual Studio Version 16
VisualStudioVersion = 16.0.30503.244
MinimumVisualStudioVersion = 10.0.40219.1
Project("{FAE04EC0-301F-11D3-BF4B-00C04F79EFBC}") = "Weight Converter", "Weight Converter\Weight Converter.csproj", "{0CEF045D-BB6E-468F-825E-6CD41A8B3C33}"
EndProject
Global
	GlobalSection(SolutionConfigurationPlatforms) = preSolution
		Debug|Any CPU = Debug|Any CPU
		Release|Any CPU = Release|Any CPU
	EndGlobalSection
	GlobalSection(ProjectConfigurationPlatforms) = postSolution
		{0CEF045D-BB6E-468F-825E-6CD41A8B3C33}.Debug|Any CPU.ActiveCfg = Debug|Any CPU
		{0CEF045D-BB6E-468F-825E-6CD41A8B3C33}.Debug|Any CPU.Build.0 = Debug|Any CPU
		{0CEF045D-BB6E-468F-825E-6CD41A8B3C33}.Release|Any CPU.ActiveCfg = Release|Any CPU
		{0CEF045D-BB6E-468F-825E-6CD41A8B3C33}.Release|Any CPU.Build.0 = Release|Any CPU
	EndGlobalSection
	GlobalSection(SolutionProperties) = preSolution
		HideSolutionNode = FALSE
	EndGlobalSection
	GlobalSection(ExtensibilityGlobals) = postSolution
		SolutionGuid = {8F4B6AB3-38C4-4E92-ACDE-A94D7FA6E304}
	EndGlobalSection
EndGlobal
